{
  "name": "@shunpocode/skeleton",
  "version": "1.0.0",
  "lockfileVersion": 3,
  "requires": true,
  "packages": {
    "": {
      "name": "@shunpocode/skeleton",
      "version": "1.0.0",
      "license": "Apache-2.0",
      "dependencies": {
        "@shunpocode/skeleton": "^1.0.0"
      }
    },
    "node_modules/@shunpocode/skeleton": {
      "version": "1.0.0",
      "resolved": "https://registry.npmjs.org/@shunpocode/skeleton/-/skeleton-1.0.0.tgz",
      "integrity": "sha512-Uf7UiPZIZoP5P1O/QaPweFNZ+ert/0solz07tCIMP/syuhbnBEdv5dyMZkXqFfQlUmtq9JMFgi8ywFk7tPkNoA=="
    }
  }
}
